{
  "name": "modules",
  "version": "1.0.0",
  "lockfileVersion": 3,
  "requires": true,
  "packages": {
    "": {
      "name": "modules",
      "version": "1.0.0",
      "license": "ISC",
      "devDependencies": {
        "nakama-runtime": "github:heroiclabs/nakama-common"
      }
    },
    "node_modules/nakama-runtime": {
      "version": "1.43.1",
      "resolved": "git+ssh://git@github.com/heroiclabs/nakama-common.git#bccc340302510d2d30746e9815d377d0ebf1cc2d",
      "dev": true,
      "license": "Apache-2.0"
    }
  }
}
